{
  "name": "altnernative",
  "version": "1.0.0",
  "lockfileVersion": 3,
  "requires": true,
  "packages": {
    "": {
      "name": "altnernative",
      "version": "1.0.0",
      "license": "ISC",
      "dependencies": {
        "page-flip": "^2.0.7",
        "photoswipe": "^5.4.4"
      }
    },
    "node_modules/page-flip": {
      "version": "2.0.7",
      "resolved": "https://registry.npmjs.org/page-flip/-/page-flip-2.0.7.tgz",
      "integrity": "sha512-96lQFUUz7r/LZzEUZJ3yBIMEKU9+m8HMFDzTvTdD6P7Ag/wXINjp9n0W7b4wanwnDbQETo4uNUoL3zMqpFxwGA=="
    },
    "node_modules/photoswipe": {
      "version": "5.4.4",
      "resolved": "https://registry.npmjs.org/photoswipe/-/photoswipe-5.4.4.tgz",
      "integrity": "sha512-WNFHoKrkZNnvFFhbHL93WDkW3ifwVOXSW3w1UuZZelSmgXpIGiZSNlZJq37rR8YejqME2rHs9EhH9ZvlvFH2NA==",
      "engines": {
        "node": ">= 0.12.0"
      }
    }
  }
}
